
Microsoft Visual Studio Solution File, Format Version 12.00
# Visual Studio 15
VisualStudioVersion = 15.0.28307.645
MinimumVisualStudioVersion = 10.0.40219.1
Project("{FAE04EC0-301F-11D3-BF4B-00C04F79EFBC}") = "DemoApp", "DemoApp\DemoApp.csproj", "{26A8EE7C-FE51-4FE8-BA77-24A63B073477}"
EndProject
Global
	GlobalSection(SolutionConfigurationPlatforms) = preSolution
		Debug|Any CPU = Debug|Any CPU
		Release|Any CPU = Release|Any CPU
	EndGlobalSection
	GlobalSection(ProjectConfigurationPlatforms) = postSolution
		{26A8EE7C-FE51-4FE8-BA77-24A63B073477}.Debug|Any CPU.ActiveCfg = Debug|Any CPU
		{26A8EE7C-FE51-4FE8-BA77-24A63B073477}.Debug|Any CPU.Build.0 = Debug|Any CPU
		{26A8EE7C-FE51-4FE8-BA77-24A63B073477}.Release|Any CPU.ActiveCfg = Release|Any CPU
		{26A8EE7C-FE51-4FE8-BA77-24A63B073477}.Release|Any CPU.Build.0 = Release|Any CPU
	EndGlobalSection
	GlobalSection(SolutionProperties) = preSolution
		HideSolutionNode = FALSE
	EndGlobalSection
	GlobalSection(ExtensibilityGlobals) = postSolution
		SolutionGuid = {5BE51E2D-843B-4189-8A26-2A278FCBF60A}
	EndGlobalSection
EndGlobal
